
Microsoft Visual Studio Solution File, Format Version 12.00
# Visual Studio 15
VisualStudioVersion = 15.0.27428.2043
MinimumVisualStudioVersion = 10.0.40219.1
Project("{2150E333-8FDC-42A3-9474-1A3956D46DE8}") = "Application", "Application", "{4B8B3C31-7B47-4408-A0FD-04C7DA47B3F7}"
EndProject
Project("{2150E333-8FDC-42A3-9474-1A3956D46DE8}") = "Domain", "Domain", "{9711A4B6-A342-4304-89F7-FFE7100BA029}"
EndProject
Project("{2150E333-8FDC-42A3-9474-1A3956D46DE8}") = "Infrastructure", "Infrastructure", "{969CD4D3-847B-44D5-9807-143C1285D99F}"
EndProject
Project("{2150E333-8FDC-42A3-9474-1A3956D46DE8}") = "UserInterface", "UserInterface", "{F6229AFA-61EA-4831-ABE1-76026EA8906A}"
EndProject
Project("{2150E333-8FDC-42A3-9474-1A3956D46DE8}") = "Test", "Test", "{562C99F1-D787-4B87-9FDB-2F2B72DFB2F9}"
EndProject
Project("{9A19103F-16F7-4668-BE54-9A1E7A4F7556}") = "WorkData", "WorkData\WorkData.csproj", "{0B912CFA-1F63-477B-8B61-600A63104C2A}"
EndProject
Project("{9A19103F-16F7-4668-BE54-9A1E7A4F7556}") = "WorkData.Web", "WorkData.Web\WorkData.Web.csproj", "{BCB6613C-2801-4111-8032-40D60892A282}"
EndProject
Project("{9A19103F-16F7-4668-BE54-9A1E7A4F7556}") = "WorkData.Ocelot", "WorkData.Ocelot\WorkData.Ocelot.csproj", "{4AAE2510-FABF-4938-98BA-C16D706D9DED}"
EndProject
Project("{9A19103F-16F7-4668-BE54-9A1E7A4F7556}") = "WorkData.Util.Common", "WorkData.Util.Common\WorkData.Util.Common.csproj", "{0708E039-9A30-4EF4-89AF-B5EA47426D35}"
EndProject
Project("{9A19103F-16F7-4668-BE54-9A1E7A4F7556}") = "WorkData.EntityFramework", "WorkData.EntityFramework\WorkData.EntityFramework.csproj", "{B68F5D13-09E7-49E0-BE6C-E7739CB52E02}"
EndProject
Project("{9A19103F-16F7-4668-BE54-9A1E7A4F7556}") = "WorkData.Code", "WorkData.Code\WorkData.Code.csproj", "{BDC53911-F2E8-4289-B44D-B7C6AED9A7A6}"
EndProject
Project("{9A19103F-16F7-4668-BE54-9A1E7A4F7556}") = "WorkData.Domain", "WorkData.Domain\WorkData.Domain.csproj", "{9129AF35-A109-4903-BFEE-6AE3516EADA1}"
EndProject
Project("{9A19103F-16F7-4668-BE54-9A1E7A4F7556}") = "WorkData.Domain.EntityFramework", "WorkData.Domain.EntityFramework\WorkData.Domain.EntityFramework.csproj", "{4AE2B9AE-0B67-4ED9-986B-92E29E89B2A2}"
EndProject
Project("{9A19103F-16F7-4668-BE54-9A1E7A4F7556}") = "WorkData.ElasticSearch", "WorkData.ElasticSearch\WorkData.ElasticSearch.csproj", "{8BDFCE6C-FEB5-4528-AED8-59B5478CD42F}"
EndProject
Project("{FAE04EC0-301F-11D3-BF4B-00C04F79EFBC}") = "WorkDataEs", "WorkDataEs\WorkDataEs.csproj", "{E1B8F651-BDD1-4521-B303-01F60D9577FE}"
EndProject
Global
	GlobalSection(SolutionConfigurationPlatforms) = preSolution
		Debug|Any CPU = Debug|Any CPU
		Release|Any CPU = Release|Any CPU
	EndGlobalSection
	GlobalSection(ProjectConfigurationPlatforms) = postSolution
		{0B912CFA-1F63-477B-8B61-600A63104C2A}.Debug|Any CPU.ActiveCfg = Debug|Any CPU
		{0B912CFA-1F63-477B-8B61-600A63104C2A}.Debug|Any CPU.Build.0 = Debug|Any CPU
		{0B912CFA-1F63-477B-8B61-600A63104C2A}.Release|Any CPU.ActiveCfg = Release|Any CPU
		{0B912CFA-1F63-477B-8B61-600A63104C2A}.Release|Any CPU.Build.0 = Release|Any CPU
		{BCB6613C-2801-4111-8032-40D60892A282}.Debug|Any CPU.ActiveCfg = Debug|Any CPU
		{BCB6613C-2801-4111-8032-40D60892A282}.Debug|Any CPU.Build.0 = Debug|Any CPU
		{BCB6613C-2801-4111-8032-40D60892A282}.Release|Any CPU.ActiveCfg = Release|Any CPU
		{BCB6613C-2801-4111-8032-40D60892A282}.Release|Any CPU.Build.0 = Release|Any CPU
		{4AAE2510-FABF-4938-98BA-C16D706D9DED}.Debug|Any CPU.ActiveCfg = Debug|Any CPU
		{4AAE2510-FABF-4938-98BA-C16D706D9DED}.Debug|Any CPU.Build.0 = Debug|Any CPU
		{4AAE2510-FABF-4938-98BA-C16D706D9DED}.Release|Any CPU.ActiveCfg = Release|Any CPU
		{4AAE2510-FABF-4938-98BA-C16D706D9DED}.Release|Any CPU.Build.0 = Release|Any CPU
		{0708E039-9A30-4EF4-89AF-B5EA47426D35}.Debug|Any CPU.ActiveCfg = Debug|Any CPU
		{0708E039-9A30-4EF4-89AF-B5EA47426D35}.Debug|Any CPU.Build.0 = Debug|Any CPU
		{0708E039-9A30-4EF4-89AF-B5EA47426D35}.Release|Any CPU.ActiveCfg = Release|Any CPU
		{0708E039-9A30-4EF4-89AF-B5EA47426D35}.Release|Any CPU.Build.0 = Release|Any CPU
		{B68F5D13-09E7-49E0-BE6C-E7739CB52E02}.Debug|Any CPU.ActiveCfg = Debug|Any CPU
		{B68F5D13-09E7-49E0-BE6C-E7739CB52E02}.Debug|Any CPU.Build.0 = Debug|Any CPU
		{B68F5D13-09E7-49E0-BE6C-E7739CB52E02}.Release|Any CPU.ActiveCfg = Release|Any CPU
		{B68F5D13-09E7-49E0-BE6C-E7739CB52E02}.Release|Any CPU.Build.0 = Release|Any CPU
		{BDC53911-F2E8-4289-B44D-B7C6AED9A7A6}.Debug|Any CPU.ActiveCfg = Debug|Any CPU
		{BDC53911-F2E8-4289-B44D-B7C6AED9A7A6}.Debug|Any CPU.Build.0 = Debug|Any CPU
		{BDC53911-F2E8-4289-B44D-B7C6AED9A7A6}.Release|Any CPU.ActiveCfg = Release|Any CPU
		{BDC53911-F2E8-4289-B44D-B7C6AED9A7A6}.Release|Any CPU.Build.0 = Release|Any CPU
		{9129AF35-A109-4903-BFEE-6AE3516EADA1}.Debug|Any CPU.ActiveCfg = Debug|Any CPU
		{9129AF35-A109-4903-BFEE-6AE3516EADA1}.Debug|Any CPU.Build.0 = Debug|Any CPU
		{9129AF35-A109-4903-BFEE-6AE3516EADA1}.Release|Any CPU.ActiveCfg = Release|Any CPU
		{9129AF35-A109-4903-BFEE-6AE3516EADA1}.Release|Any CPU.Build.0 = Release|Any CPU
		{4AE2B9AE-0B67-4ED9-986B-92E29E89B2A2}.Debug|Any CPU.ActiveCfg = Debug|Any CPU
		{4AE2B9AE-0B67-4ED9-986B-92E29E89B2A2}.Debug|Any CPU.Build.0 = Debug|Any CPU
		{4AE2B9AE-0B67-4ED9-986B-92E29E89B2A2}.Release|Any CPU.ActiveCfg = Release|Any CPU
		{4AE2B9AE-0B67-4ED9-986B-92E29E89B2A2}.Release|Any CPU.Build.0 = Release|Any CPU
		{8BDFCE6C-FEB5-4528-AED8-59B5478CD42F}.Debug|Any CPU.ActiveCfg = Debug|Any CPU
		{8BDFCE6C-FEB5-4528-AED8-59B5478CD42F}.Debug|Any CPU.Build.0 = Debug|Any CPU
		{8BDFCE6C-FEB5-4528-AED8-59B5478CD42F}.Release|Any CPU.ActiveCfg = Release|Any CPU
		{8BDFCE6C-FEB5-4528-AED8-59B5478CD42F}.Release|Any CPU.Build.0 = Release|Any CPU
		{E1B8F651-BDD1-4521-B303-01F60D9577FE}.Debug|Any CPU.ActiveCfg = Debug|Any CPU
		{E1B8F651-BDD1-4521-B303-01F60D9577FE}.Debug|Any CPU.Build.0 = Debug|Any CPU
		{E1B8F651-BDD1-4521-B303-01F60D9577FE}.Release|Any CPU.ActiveCfg = Release|Any CPU
		{E1B8F651-BDD1-4521-B303-01F60D9577FE}.Release|Any CPU.Build.0 = Release|Any CPU
	EndGlobalSection
	GlobalSection(SolutionProperties) = preSolution
		HideSolutionNode = FALSE
	EndGlobalSection
	GlobalSection(NestedProjects) = preSolution
		{0B912CFA-1F63-477B-8B61-600A63104C2A} = {969CD4D3-847B-44D5-9807-143C1285D99F}
		{BCB6613C-2801-4111-8032-40D60892A282} = {F6229AFA-61EA-4831-ABE1-76026EA8906A}
		{4AAE2510-FABF-4938-98BA-C16D706D9DED} = {F6229AFA-61EA-4831-ABE1-76026EA8906A}
		{0708E039-9A30-4EF4-89AF-B5EA47426D35} = {969CD4D3-847B-44D5-9807-143C1285D99F}
		{B68F5D13-09E7-49E0-BE6C-E7739CB52E02} = {969CD4D3-847B-44D5-9807-143C1285D99F}
		{BDC53911-F2E8-4289-B44D-B7C6AED9A7A6} = {969CD4D3-847B-44D5-9807-143C1285D99F}
		{9129AF35-A109-4903-BFEE-6AE3516EADA1} = {9711A4B6-A342-4304-89F7-FFE7100BA029}
		{4AE2B9AE-0B67-4ED9-986B-92E29E89B2A2} = {9711A4B6-A342-4304-89F7-FFE7100BA029}
		{8BDFCE6C-FEB5-4528-AED8-59B5478CD42F} = {969CD4D3-847B-44D5-9807-143C1285D99F}
		{E1B8F651-BDD1-4521-B303-01F60D9577FE} = {562C99F1-D787-4B87-9FDB-2F2B72DFB2F9}
	EndGlobalSection
	GlobalSection(ExtensibilityGlobals) = postSolution
		SolutionGuid = {F9266943-75A9-4A67-B86D-6BBBD704A1F7}
	EndGlobalSection
EndGlobal
